// !$*UTF8*$!
{
	archiveVersion = 1;
	classes = {
	};
	objectVersion = 46;
	objects = {

/* Begin PBXBuildFile section */
		B443897213CF5CCB00953CC3 /* Cocoa.framework in Frameworks */ = {isa = PBXBuildFile; fileRef = B443897113CF5CCB00953CC3 /* Cocoa.framework */; };
		B443898413CF5D0E00953CC3 /* LROAuth2AccessToken.h in Headers */ = {isa = PBXBuildFile; fileRef = B44A039813CF48E000C64D7C /* LROAuth2AccessToken.h */; };
		B443898513CF5D0E00953CC3 /* LROAuth2AccessToken.m in Sources */ = {isa = PBXBuildFile; fileRef = B44A039913CF48E000C64D7C /* LROAuth2AccessToken.m */; };
		B443898613CF5D0E00953CC3 /* LROAuth2Client.h in Headers */ = {isa = PBXBuildFile; fileRef = B44A039A13CF48E000C64D7C /* LROAuth2Client.h */; };
		B443898713CF5D0E00953CC3 /* LROAuth2Client.m in Sources */ = {isa = PBXBuildFile; fileRef = B44A039B13CF48E000C64D7C /* LROAuth2Client.m */; };
		B443898813CF5D0E00953CC3 /* LROAuth2ClientDelegate.h in Headers */ = {isa = PBXBuildFile; fileRef = B44A039C13CF48E000C64D7C /* LROAuth2ClientDelegate.h */; };
		B44A038C13CF48B400C64D7C /* Foundation.framework in Frameworks */ = {isa = PBXBuildFile; fileRef = B44A038B13CF48B400C64D7C /* Foundation.framework */; };
		B44A039D13CF48E000C64D7C /* LROAuth2AccessToken.h in Headers */ = {isa = PBXBuildFile; fileRef = B44A039813CF48E000C64D7C /* LROAuth2AccessToken.h */; };
		B44A039E13CF48E000C64D7C /* LROAuth2AccessToken.m in Sources */ = {isa = PBXBuildFile; fileRef = B44A039913CF48E000C64D7C /* LROAuth2AccessToken.m */; };
		B44A039F13CF48E000C64D7C /* LROAuth2Client.h in Headers */ = {isa = PBXBuildFile; fileRef = B44A039A13CF48E000C64D7C /* LROAuth2Client.h */; };
		B44A03A013CF48E000C64D7C /* LROAuth2Client.m in Sources */ = {isa = PBXBuildFile; fileRef = B44A039B13CF48E000C64D7C /* LROAuth2Client.m */; };
		B44A03A113CF48E000C64D7C /* LROAuth2ClientDelegate.h in Headers */ = {isa = PBXBuildFile; fileRef = B44A039C13CF48E000C64D7C /* LROAuth2ClientDelegate.h */; };
		B44A9FFA14B5E10C00FDEBB7 /* LROAuth2BearerAccessToken.h in Headers */ = {isa = PBXBuildFile; fileRef = B44A9FF814B5E10C00FDEBB7 /* LROAuth2BearerAccessToken.h */; };
		B44A9FFB14B5E10C00FDEBB7 /* LROAuth2BearerAccessToken.m in Sources */ = {isa = PBXBuildFile; fileRef = B44A9FF914B5E10C00FDEBB7 /* LROAuth2BearerAccessToken.m */; };
		B44A9FFF14B5E90C00FDEBB7 /* LROAuth2MacAccessToken.h in Headers */ = {isa = PBXBuildFile; fileRef = B44A9FFD14B5E90C00FDEBB7 /* LROAuth2MacAccessToken.h */; };
		B44AA00014B5E90C00FDEBB7 /* LROAuth2MacAccessToken.h in Headers */ = {isa = PBXBuildFile; fileRef = B44A9FFD14B5E90C00FDEBB7 /* LROAuth2MacAccessToken.h */; };
		B44AA00114B5E90C00FDEBB7 /* LROAuth2MacAccessToken.m in Sources */ = {isa = PBXBuildFile; fileRef = B44A9FFE14B5E90C00FDEBB7 /* LROAuth2MacAccessToken.m */; };
		B44AA00214B5E90C00FDEBB7 /* LROAuth2MacAccessToken.m in Sources */ = {isa = PBXBuildFile; fileRef = B44A9FFE14B5E90C00FDEBB7 /* LROAuth2MacAccessToken.m */; };
		B44AA00314B5E91D00FDEBB7 /* LROAuth2BearerAccessToken.h in Headers */ = {isa = PBXBuildFile; fileRef = B44A9FF814B5E10C00FDEBB7 /* LROAuth2BearerAccessToken.h */; };
		B44AA00414B5E91D00FDEBB7 /* LROAuth2BearerAccessToken.m in Sources */ = {isa = PBXBuildFile; fileRef = B44A9FF914B5E10C00FDEBB7 /* LROAuth2BearerAccessToken.m */; };
		B44AA00714B611DF00FDEBB7 /* LROAuthUtils.h in Headers */ = {isa = PBXBuildFile; fileRef = B44AA00514B611DE00FDEBB7 /* LROAuthUtils.h */; };
		B44AA00814B611DF00FDEBB7 /* LROAuthUtils.h in Headers */ = {isa = PBXBuildFile; fileRef = B44AA00514B611DE00FDEBB7 /* LROAuthUtils.h */; };
		B44AA00914B611DF00FDEBB7 /* LROAuthUtils.m in Sources */ = {isa = PBXBuildFile; fileRef = B44AA00614B611DE00FDEBB7 /* LROAuthUtils.m */; };
		B44AA00A14B611DF00FDEBB7 /* LROAuthUtils.m in Sources */ = {isa = PBXBuildFile; fileRef = B44AA00614B611DE00FDEBB7 /* LROAuthUtils.m */; };
		B4953D071444483800E34B85 /* NSDictionary+QueryString.h in Headers */ = {isa = PBXBuildFile; fileRef = B4953D011444483800E34B85 /* NSDictionary+QueryString.h */; };
		B4953D081444483800E34B85 /* NSDictionary+QueryString.h in Headers */ = {isa = PBXBuildFile; fileRef = B4953D011444483800E34B85 /* NSDictionary+QueryString.h */; };
		B4953D091444483800E34B85 /* NSDictionary+QueryString.m in Sources */ = {isa = PBXBuildFile; fileRef = B4953D021444483800E34B85 /* NSDictionary+QueryString.m */; };
		B4953D0A1444483800E34B85 /* NSDictionary+QueryString.m in Sources */ = {isa = PBXBuildFile; fileRef = B4953D021444483800E34B85 /* NSDictionary+QueryString.m */; };
		B4953D0B1444483800E34B85 /* NSString+QueryString.h in Headers */ = {isa = PBXBuildFile; fileRef = B4953D031444483800E34B85 /* NSString+QueryString.h */; };
		B4953D0C1444483800E34B85 /* NSString+QueryString.h in Headers */ = {isa = PBXBuildFile; fileRef = B4953D031444483800E34B85 /* NSString+QueryString.h */; };
		B4953D0D1444483800E34B85 /* NSString+QueryString.m in Sources */ = {isa = PBXBuildFile; fileRef = B4953D041444483800E34B85 /* NSString+QueryString.m */; };
		B4953D0E1444483800E34B85 /* NSString+QueryString.m in Sources */ = {isa = PBXBuildFile; fileRef = B4953D041444483800E34B85 /* NSString+QueryString.m */; };
		B4953D0F1444483800E34B85 /* NSURL+QueryInspector.h in Headers */ = {isa = PBXBuildFile; fileRef = B4953D051444483800E34B85 /* NSURL+QueryInspector.h */; };
		B4953D101444483800E34B85 /* NSURL+QueryInspector.h in Headers */ = {isa = PBXBuildFile; fileRef = B4953D051444483800E34B85 /* NSURL+QueryInspector.h */; };
		B4953D111444483800E34B85 /* NSURL+QueryInspector.m in Sources */ = {isa = PBXBuildFile; fileRef = B4953D061444483800E34B85 /* NSURL+QueryInspector.m */; };
		B4953D121444483800E34B85 /* NSURL+QueryInspector.m in Sources */ = {isa = PBXBuildFile; fileRef = B4953D061444483800E34B85 /* NSURL+QueryInspector.m */; };
		B4E9BFED14B66528006CCF8F /* Base64Transcoder.c in Sources */ = {isa = PBXBuildFile; fileRef = B4E9BFEB14B66528006CCF8F /* Base64Transcoder.c */; };
		B4E9BFEE14B66528006CCF8F /* Base64Transcoder.c in Sources */ = {isa = PBXBuildFile; fileRef = B4E9BFEB14B66528006CCF8F /* Base64Transcoder.c */; };
		B4E9BFEF14B66528006CCF8F /* Base64Transcoder.h in Headers */ = {isa = PBXBuildFile; fileRef = B4E9BFEC14B66528006CCF8F /* Base64Transcoder.h */; };
		B4E9BFF014B66528006CCF8F /* Base64Transcoder.h in Headers */ = {isa = PBXBuildFile; fileRef = B4E9BFEC14B66528006CCF8F /* Base64Transcoder.h */; };
/* End PBXBuildFile section */

/* Begin PBXFileReference section */
		B443897013CF5CCB00953CC3 /* libLROAuth2-OSX.a */ = {isa = PBXFileReference; explicitFileType = archive.ar; includeInIndex = 0; path = "libLROAuth2-OSX.a"; sourceTree = BUILT_PRODUCTS_DIR; };
		B443897113CF5CCB00953CC3 /* Cocoa.framework */ = {isa = PBXFileReference; lastKnownFileType = wrapper.framework; name = Cocoa.framework; path = System/Library/Frameworks/Cocoa.framework; sourceTree = SDKROOT; };
		B443897413CF5CCB00953CC3 /* AppKit.framework */ = {isa = PBXFileReference; lastKnownFileType = wrapper.framework; name = AppKit.framework; path = System/Library/Frameworks/AppKit.framework; sourceTree = SDKROOT; };
		B443897513CF5CCB00953CC3 /* CoreData.framework */ = {isa = PBXFileReference; lastKnownFileType = wrapper.framework; name = CoreData.framework; path = System/Library/Frameworks/CoreData.framework; sourceTree = SDKROOT; };
		B443897613CF5CCB00953CC3 /* Foundation.framework */ = {isa = PBXFileReference; lastKnownFileType = wrapper.framework; name = Foundation.framework; path = System/Library/Frameworks/Foundation.framework; sourceTree = SDKROOT; };
		B44A038813CF48B400C64D7C /* libLROAuth2-IOS.a */ = {isa = PBXFileReference; explicitFileType = archive.ar; includeInIndex = 0; path = "libLROAuth2-IOS.a"; sourceTree = BUILT_PRODUCTS_DIR; };
		B44A038B13CF48B400C64D7C /* Foundation.framework */ = {isa = PBXFileReference; lastKnownFileType = wrapper.framework; name = Foundation.framework; path = System/Library/Frameworks/Foundation.framework; sourceTree = SDKROOT; };
		B44A039813CF48E000C64D7C /* LROAuth2AccessToken.h */ = {isa = PBXFileReference; fileEncoding = 4; lastKnownFileType = sourcecode.c.h; path = LROAuth2AccessToken.h; sourceTree = "<group>"; };
		B44A039913CF48E000C64D7C /* LROAuth2AccessToken.m */ = {isa = PBXFileReference; fileEncoding = 4; lastKnownFileType = sourcecode.c.objc; path = LROAuth2AccessToken.m; sourceTree = "<group>"; };
		B44A039A13CF48E000C64D7C /* LROAuth2Client.h */ = {isa = PBXFileReference; fileEncoding = 4; lastKnownFileType = sourcecode.c.h; path = LROAuth2Client.h; sourceTree = "<group>"; };
		B44A039B13CF48E000C64D7C /* LROAuth2Client.m */ = {isa = PBXFileReference; fileEncoding = 4; lastKnownFileType = sourcecode.c.objc; path = LROAuth2Client.m; sourceTree = "<group>"; };
		B44A039C13CF48E000C64D7C /* LROAuth2ClientDelegate.h */ = {isa = PBXFileReference; fileEncoding = 4; lastKnownFileType = sourcecode.c.h; path = LROAuth2ClientDelegate.h; sourceTree = "<group>"; };
		B44A9FF814B5E10C00FDEBB7 /* LROAuth2BearerAccessToken.h */ = {isa = PBXFileReference; fileEncoding = 4; lastKnownFileType = sourcecode.c.h; path = LROAuth2BearerAccessToken.h; sourceTree = "<group>"; };
		B44A9FF914B5E10C00FDEBB7 /* LROAuth2BearerAccessToken.m */ = {isa = PBXFileReference; fileEncoding = 4; lastKnownFileType = sourcecode.c.objc; path = LROAuth2BearerAccessToken.m; sourceTree = "<group>"; };
		B44A9FFD14B5E90C00FDEBB7 /* LROAuth2MacAccessToken.h */ = {isa = PBXFileReference; fileEncoding = 4; lastKnownFileType = sourcecode.c.h; path = LROAuth2MacAccessToken.h; sourceTree = "<group>"; };
		B44A9FFE14B5E90C00FDEBB7 /* LROAuth2MacAccessToken.m */ = {isa = PBXFileReference; fileEncoding = 4; lastKnownFileType = sourcecode.c.objc; path = LROAuth2MacAccessToken.m; sourceTree = "<group>"; };
		B44AA00514B611DE00FDEBB7 /* LROAuthUtils.h */ = {isa = PBXFileReference; fileEncoding = 4; lastKnownFileType = sourcecode.c.h; path = LROAuthUtils.h; sourceTree = "<group>"; };
		B44AA00614B611DE00FDEBB7 /* LROAuthUtils.m */ = {isa = PBXFileReference; fileEncoding = 4; lastKnownFileType = sourcecode.c.objc; path = LROAuthUtils.m; sourceTree = "<group>"; };
		B4953D011444483800E34B85 /* NSDictionary+QueryString.h */ = {isa = PBXFileReference; fileEncoding = 4; lastKnownFileType = sourcecode.c.h; path = "NSDictionary+QueryString.h"; sourceTree = "<group>"; };
		B4953D021444483800E34B85 /* NSDictionary+QueryString.m */ = {isa = PBXFileReference; fileEncoding = 4; lastKnownFileType = sourcecode.c.objc; path = "NSDictionary+QueryString.m"; sourceTree = "<group>"; };
		B4953D031444483800E34B85 /* NSString+QueryString.h */ = {isa = PBXFileReference; fileEncoding = 4; lastKnownFileType = sourcecode.c.h; path = "NSString+QueryString.h"; sourceTree = "<group>"; };
		B4953D041444483800E34B85 /* NSString+QueryString.m */ = {isa = PBXFileReference; fileEncoding = 4; lastKnownFileType = sourcecode.c.objc; path = "NSString+QueryString.m"; sourceTree = "<group>"; };
		B4953D051444483800E34B85 /* NSURL+QueryInspector.h */ = {isa = PBXFileReference; fileEncoding = 4; lastKnownFileType = sourcecode.c.h; path = "NSURL+QueryInspector.h"; sourceTree = "<group>"; };
		B4953D061444483800E34B85 /* NSURL+QueryInspector.m */ = {isa = PBXFileReference; fileEncoding = 4; lastKnownFileType = sourcecode.c.objc; path = "NSURL+QueryInspector.m"; sourceTree = "<group>"; };
		B4E9BFEB14B66528006CCF8F /* Base64Transcoder.c */ = {isa = PBXFileReference; fileEncoding = 4; lastKnownFileType = sourcecode.c.c; path = Base64Transcoder.c; sourceTree = "<group>"; };
		B4E9BFEC14B66528006CCF8F /* Base64Transcoder.h */ = {isa = PBXFileReference; fileEncoding = 4; lastKnownFileType = sourcecode.c.h; path = Base64Transcoder.h; sourceTree = "<group>"; };
/* End PBXFileReference section */

/* Begin PBXFrameworksBuildPhase section */
		B443896D13CF5CCB00953CC3 /* Frameworks */ = {
			isa = PBXFrameworksBuildPhase;
			buildActionMask = 2147483647;
			files = (
				B443897213CF5CCB00953CC3 /* Cocoa.framework in Frameworks */,
			);
			runOnlyForDeploymentPostprocessing = 0;
		};
		B44A038513CF48B400C64D7C /* Frameworks */ = {
			isa = PBXFrameworksBuildPhase;
			buildActionMask = 2147483647;
			files = (
				B44A038C13CF48B400C64D7C /* Foundation.framework in Frameworks */,
			);
			runOnlyForDeploymentPostprocessing = 0;
		};
/* End PBXFrameworksBuildPhase section */

/* Begin PBXGroup section */
		B443897313CF5CCB00953CC3 /* Other Frameworks */ = {
			isa = PBXGroup;
			children = (
				B443897413CF5CCB00953CC3 /* AppKit.framework */,
				B443897513CF5CCB00953CC3 /* CoreData.framework */,
				B443897613CF5CCB00953CC3 /* Foundation.framework */,
			);
			name = "Other Frameworks";
			sourceTree = "<group>";
		};
		B44A038913CF48B400C64D7C /* Products */ = {
			isa = PBXGroup;
			children = (
				B44A038813CF48B400C64D7C /* libLROAuth2-IOS.a */,
				B443897013CF5CCB00953CC3 /* libLROAuth2-OSX.a */,
			);
			name = Products;
			sourceTree = "<group>";
		};
		B44A038A13CF48B400C64D7C /* Frameworks */ = {
			isa = PBXGroup;
			children = (
				B44A038B13CF48B400C64D7C /* Foundation.framework */,
				B443897113CF5CCB00953CC3 /* Cocoa.framework */,
				B443897313CF5CCB00953CC3 /* Other Frameworks */,
			);
			name = Frameworks;
			sourceTree = "<group>";
		};
		B44A039713CF48E000C64D7C /* Classes */ = {
			isa = PBXGroup;
			children = (
				B44A9FFD14B5E90C00FDEBB7 /* LROAuth2MacAccessToken.h */,
				B44A9FFE14B5E90C00FDEBB7 /* LROAuth2MacAccessToken.m */,
				B44A9FF814B5E10C00FDEBB7 /* LROAuth2BearerAccessToken.h */,
				B44A9FF914B5E10C00FDEBB7 /* LROAuth2BearerAccessToken.m */,
				B44A039813CF48E000C64D7C /* LROAuth2AccessToken.h */,
				B44A039913CF48E000C64D7C /* LROAuth2AccessToken.m */,
				B44A039A13CF48E000C64D7C /* LROAuth2Client.h */,
				B44A039B13CF48E000C64D7C /* LROAuth2Client.m */,
				B44A039C13CF48E000C64D7C /* LROAuth2ClientDelegate.h */,
				B44AA00514B611DE00FDEBB7 /* LROAuthUtils.h */,
				B44AA00614B611DE00FDEBB7 /* LROAuthUtils.m */,
			);
			path = Classes;
			sourceTree = "<group>";
		};
		B4953D001444483800E34B85 /* Categories */ = {
			isa = PBXGroup;
			children = (
				B4953D011444483800E34B85 /* NSDictionary+QueryString.h */,
				B4953D021444483800E34B85 /* NSDictionary+QueryString.m */,
				B4953D031444483800E34B85 /* NSString+QueryString.h */,
				B4953D041444483800E34B85 /* NSString+QueryString.m */,
				B4953D051444483800E34B85 /* NSURL+QueryInspector.h */,
				B4953D061444483800E34B85 /* NSURL+QueryInspector.m */,
			);
			path = Categories;
			sourceTree = "<group>";
		};
		B4E9BFEA14B66528006CCF8F /* Other */ = {
			isa = PBXGroup;
			children = (
				B4E9BFEB14B66528006CCF8F /* Base64Transcoder.c */,
				B4E9BFEC14B66528006CCF8F /* Base64Transcoder.h */,
			);
			path = Other;
			sourceTree = "<group>";
		};
		B4FDBC9913CF487E0094ECE7 = {
			isa = PBXGroup;
			children = (
				B4E9BFEA14B66528006CCF8F /* Other */,
				B4953D001444483800E34B85 /* Categories */,
				B44A039713CF48E000C64D7C /* Classes */,
				B44A038A13CF48B400C64D7C /* Frameworks */,
				B44A038913CF48B400C64D7C /* Products */,
			);
			sourceTree = "<group>";
		};
/* End PBXGroup section */

/* Begin PBXHeadersBuildPhase section */
		B443896E13CF5CCB00953CC3 /* Headers */ = {
			isa = PBXHeadersBuildPhase;
			buildActionMask = 2147483647;
			files = (
				B443898413CF5D0E00953CC3 /* LROAuth2AccessToken.h in Headers */,
				B443898613CF5D0E00953CC3 /* LROAuth2Client.h in Headers */,
				B443898813CF5D0E00953CC3 /* LROAuth2ClientDelegate.h in Headers */,
				B4953D081444483800E34B85 /* NSDictionary+QueryString.h in Headers */,
				B4953D0C1444483800E34B85 /* NSString+QueryString.h in Headers */,
				B4953D101444483800E34B85 /* NSURL+QueryInspector.h in Headers */,
				B44AA00014B5E90C00FDEBB7 /* LROAuth2MacAccessToken.h in Headers */,
				B44AA00314B5E91D00FDEBB7 /* LROAuth2BearerAccessToken.h in Headers */,
				B44AA00814B611DF00FDEBB7 /* LROAuthUtils.h in Headers */,
				B4E9BFF014B66528006CCF8F /* Base64Transcoder.h in Headers */,
			);
			runOnlyForDeploymentPostprocessing = 0;
		};
		B44A038613CF48B400C64D7C /* Headers */ = {
			isa = PBXHeadersBuildPhase;
			buildActionMask = 2147483647;
			files = (
				B44A039D13CF48E000C64D7C /* LROAuth2AccessToken.h in Headers */,
				B44A039F13CF48E000C64D7C /* LROAuth2Client.h in Headers */,
				B44A03A113CF48E000C64D7C /* LROAuth2ClientDelegate.h in Headers */,
				B4953D071444483800E34B85 /* NSDictionary+QueryString.h in Headers */,
				B4953D0B1444483800E34B85 /* NSString+QueryString.h in Headers */,
				B4953D0F1444483800E34B85 /* NSURL+QueryInspector.h in Headers */,
				B44A9FFA14B5E10C00FDEBB7 /* LROAuth2BearerAccessToken.h in Headers */,
				B44A9FFF14B5E90C00FDEBB7 /* LROAuth2MacAccessToken.h in Headers */,
				B44AA00714B611DF00FDEBB7 /* LROAuthUtils.h in Headers */,
				B4E9BFEF14B66528006CCF8F /* Base64Transcoder.h in Headers */,
			);
			runOnlyForDeploymentPostprocessing = 0;
		};
/* End PBXHeadersBuildPhase section */

/* Begin PBXNativeTarget section */
		B443896F13CF5CCB00953CC3 /* LROAuth2-OSX */ = {
			isa = PBXNativeTarget;
			buildConfigurationList = B443897F13CF5CCB00953CC3 /* Build configuration list for PBXNativeTarget "LROAuth2-OSX" */;
			buildPhases = (
				B443896C13CF5CCB00953CC3 /* Sources */,
				B443896D13CF5CCB00953CC3 /* Frameworks */,
				B443896E13CF5CCB00953CC3 /* Headers */,
			);
			buildRules = (
			);
			dependencies = (
			);
			name = "LROAuth2-OSX";
			productName = "LROAuth2-OSX";
			productReference = B443897013CF5CCB00953CC3 /* libLROAuth2-OSX.a */;
			productType = "com.apple.product-type.library.static";
		};
		B44A038713CF48B400C64D7C /* LROAuth2-IOS */ = {
			isa = PBXNativeTarget;
			buildConfigurationList = B44A039513CF48B400C64D7C /* Build configuration list for PBXNativeTarget "LROAuth2-IOS" */;
			buildPhases = (
				B44A038413CF48B400C64D7C /* Sources */,
				B44A038513CF48B400C64D7C /* Frameworks */,
				B44A038613CF48B400C64D7C /* Headers */,
			);
			buildRules = (
			);
			dependencies = (
			);
			name = "LROAuth2-IOS";
			productName = "LROAuth2-IOS";
			productReference = B44A038813CF48B400C64D7C /* libLROAuth2-IOS.a */;
			productType = "com.apple.product-type.library.static";
		};
/* End PBXNativeTarget section */

/* Begin PBXProject section */
		B4FDBC9B13CF487E0094ECE7 /* Project object */ = {
			isa = PBXProject;
			attributes = {
				LastUpgradeCheck = 0430;
			};
			buildConfigurationList = B4FDBC9E13CF487E0094ECE7 /* Build configuration list for PBXProject "LROAuth2Client" */;
			compatibilityVersion = "Xcode 3.2";
			developmentRegion = English;
			hasScannedForEncodings = 0;
			knownRegions = (
				en,
			);
			mainGroup = B4FDBC9913CF487E0094ECE7;
			productRefGroup = B44A038913CF48B400C64D7C /* Products */;
			projectDirPath = "";
			projectRoot = "";
			targets = (
				B44A038713CF48B400C64D7C /* LROAuth2-IOS */,
				B443896F13CF5CCB00953CC3 /* LROAuth2-OSX */,
			);
		};
/* End PBXProject section */

/* Begin PBXSourcesBuildPhase section */
		B443896C13CF5CCB00953CC3 /* Sources */ = {
			isa = PBXSourcesBuildPhase;
			buildActionMask = 2147483647;
			files = (
				B443898513CF5D0E00953CC3 /* LROAuth2AccessToken.m in Sources */,
				B443898713CF5D0E00953CC3 /* LROAuth2Client.m in Sources */,
				B4953D0A1444483800E34B85 /* NSDictionary+QueryString.m in Sources */,
				B4953D0E1444483800E34B85 /* NSString+QueryString.m in Sources */,
				B4953D121444483800E34B85 /* NSURL+QueryInspector.m in Sources */,
				B44AA00214B5E90C00FDEBB7 /* LROAuth2MacAccessToken.m in Sources */,
				B44AA00414B5E91D00FDEBB7 /* LROAuth2BearerAccessToken.m in Sources */,
				B44AA00A14B611DF00FDEBB7 /* LROAuthUtils.m in Sources */,
				B4E9BFEE14B66528006CCF8F /* Base64Transcoder.c in Sources */,
			);
			runOnlyForDeploymentPostprocessing = 0;
		};
		B44A038413CF48B400C64D7C /* Sources */ = {
			isa = PBXSourcesBuildPhase;
			buildActionMask = 2147483647;
			files = (
				B44A039E13CF48E000C64D7C /* LROAuth2AccessToken.m in Sources */,
				B44A03A013CF48E000C64D7C /* LROAuth2Client.m in Sources */,
				B4953D091444483800E34B85 /* NSDictionary+QueryString.m in Sources */,
				B4953D0D1444483800E34B85 /* NSString+QueryString.m in Sources */,
				B4953D111444483800E34B85 /* NSURL+QueryInspector.m in Sources */,
				B44A9FFB14B5E10C00FDEBB7 /* LROAuth2BearerAccessToken.m in Sources */,
				B44AA00114B5E90C00FDEBB7 /* LROAuth2MacAccessToken.m in Sources */,
				B44AA00914B611DF00FDEBB7 /* LROAuthUtils.m in Sources */,
				B4E9BFED14B66528006CCF8F /* Base64Transcoder.c in Sources */,
			);
			runOnlyForDeploymentPostprocessing = 0;
		};
/* End PBXSourcesBuildPhase section */

/* Begin XCBuildConfiguration section */
		B443897D13CF5CCB00953CC3 /* Debug */ = {
			isa = XCBuildConfiguration;
			buildSettings = {
				ALWAYS_SEARCH_USER_PATHS = NO;
				ARCHS = "$(ARCHS_STANDARD_64_BIT)";
				CLANG_ENABLE_OBJC_ARC = YES;
				COPY_PHASE_STRIP = NO;
				GCC_C_LANGUAGE_STANDARD = gnu99;
				GCC_DYNAMIC_NO_PIC = NO;
				GCC_ENABLE_OBJC_EXCEPTIONS = YES;
				GCC_OPTIMIZATION_LEVEL = 0;
				GCC_PRECOMPILE_PREFIX_HEADER = YES;
				GCC_PREFIX_HEADER = "LROAuth2-Prefix.pch";
				GCC_PREPROCESSOR_DEFINITIONS = (
					"DEBUG=1",
					"$(inherited)",
				);
				GCC_SYMBOLS_PRIVATE_EXTERN = NO;
				GCC_VERSION = com.apple.compilers.llvm.clang.1_0;
				GCC_WARN_64_TO_32_BIT_CONVERSION = YES;
				GCC_WARN_ABOUT_MISSING_PROTOTYPES = YES;
				GCC_WARN_ABOUT_RETURN_TYPE = YES;
				GCC_WARN_UNUSED_VARIABLE = YES;
				MACOSX_DEPLOYMENT_TARGET = 10.7;
				ONLY_ACTIVE_ARCH = YES;
				PRODUCT_NAME = "$(TARGET_NAME)";
				SDKROOT = macosx;
				VALID_ARCHS = x86_64;
			};
			name = Debug;
		};
		B443897E13CF5CCB00953CC3 /* Release */ = {
			isa = XCBuildConfiguration;
			buildSettings = {
				ALWAYS_SEARCH_USER_PATHS = NO;
				ARCHS = "$(ARCHS_STANDARD_64_BIT)";
				CLANG_ENABLE_OBJC_ARC = YES;
				COPY_PHASE_STRIP = YES;
				DEBUG_INFORMATION_FORMAT = "dwarf-with-dsym";
				GCC_C_LANGUAGE_STANDARD = gnu99;
				GCC_ENABLE_OBJC_EXCEPTIONS = YES;
				GCC_PRECOMPILE_PREFIX_HEADER = YES;
				GCC_PREFIX_HEADER = "LROAuth2-Prefix.pch";
				GCC_VERSION = com.apple.compilers.llvm.clang.1_0;
				GCC_WARN_64_TO_32_BIT_CONVERSION = YES;
				GCC_WARN_ABOUT_MISSING_PROTOTYPES = YES;
				GCC_WARN_ABOUT_RETURN_TYPE = YES;
				GCC_WARN_UNUSED_VARIABLE = YES;
				MACOSX_DEPLOYMENT_TARGET = 10.7;
				PRODUCT_NAME = "$(TARGET_NAME)";
				SDKROOT = macosx;
				VALID_ARCHS = x86_64;
			};
			name = Release;
		};
		B44A039313CF48B400C64D7C /* Debug */ = {
			isa = XCBuildConfiguration;
			buildSettings = {
				ALWAYS_SEARCH_USER_PATHS = NO;
				ARCHS = "$(ARCHS_STANDARD_32_BIT)";
				CLANG_ENABLE_OBJC_ARC = YES;
				COPY_PHASE_STRIP = NO;
				DSTROOT = /tmp/LROAuth2_IOS.dst;
				GCC_C_LANGUAGE_STANDARD = gnu99;
				GCC_DYNAMIC_NO_PIC = NO;
				GCC_OPTIMIZATION_LEVEL = 0;
				GCC_PRECOMPILE_PREFIX_HEADER = YES;
				GCC_PREFIX_HEADER = "LROAuth2-Prefix.pch";
				GCC_PREPROCESSOR_DEFINITIONS = (
					"DEBUG=1",
					"$(inherited)",
				);
				GCC_SYMBOLS_PRIVATE_EXTERN = NO;
				GCC_VERSION = com.apple.compilers.llvm.clang.1_0;
				GCC_WARN_ABOUT_MISSING_PROTOTYPES = YES;
				GCC_WARN_ABOUT_RETURN_TYPE = YES;
				GCC_WARN_UNUSED_VARIABLE = YES;
				IPHONEOS_DEPLOYMENT_TARGET = 5.0;
				OTHER_LDFLAGS = "-ObjC";
				PRODUCT_NAME = "$(TARGET_NAME)";
				SDKROOT = iphoneos;
			};
			name = Debug;
		};
		B44A039413CF48B400C64D7C /* Release */ = {
			isa = XCBuildConfiguration;
			buildSettings = {
				ALWAYS_SEARCH_USER_PATHS = NO;
				ARCHS = "$(ARCHS_STANDARD_32_BIT)";
				CLANG_ENABLE_OBJC_ARC = YES;
				COPY_PHASE_STRIP = YES;
				DSTROOT = /tmp/LROAuth2_IOS.dst;
				GCC_C_LANGUAGE_STANDARD = gnu99;
				GCC_PRECOMPILE_PREFIX_HEADER = YES;
				GCC_PREFIX_HEADER = "LROAuth2-Prefix.pch";
				GCC_VERSION = com.apple.compilers.llvm.clang.1_0;
				GCC_WARN_ABOUT_MISSING_PROTOTYPES = YES;
				GCC_WARN_ABOUT_RETURN_TYPE = YES;
				GCC_WARN_UNUSED_VARIABLE = YES;
				IPHONEOS_DEPLOYMENT_TARGET = 5.0;
				OTHER_LDFLAGS = "-ObjC";
				PRODUCT_NAME = "$(TARGET_NAME)";
				SDKROOT = iphoneos;
				VALIDATE_PRODUCT = YES;
			};
			name = Release;
		};
		B4FDBCA013CF487E0094ECE7 /* Debug */ = {
			isa = XCBuildConfiguration;
			buildSettings = {
				HEADER_SEARCH_PATHS = "../asi-http-request/**";
				SKIP_INSTALL = YES;
			};
			name = Debug;
		};
		B4FDBCA113CF487E0094ECE7 /* Release */ = {
			isa = XCBuildConfiguration;
			buildSettings = {
				HEADER_SEARCH_PATHS = "../asi-http-request/**";
				SKIP_INSTALL = YES;
			};
			name = Release;
		};
/* End XCBuildConfiguration section */

/* Begin XCConfigurationList section */
		B443897F13CF5CCB00953CC3 /* Build configuration list for PBXNativeTarget "LROAuth2-OSX" */ = {
			isa = XCConfigurationList;
			buildConfigurations = (
				B443897D13CF5CCB00953CC3 /* Debug */,
				B443897E13CF5CCB00953CC3 /* Release */,
			);
			defaultConfigurationIsVisible = 0;
			defaultConfigurationName = Release;
		};
		B44A039513CF48B400C64D7C /* Build configuration list for PBXNativeTarget "LROAuth2-IOS" */ = {
			isa = XCConfigurationList;
			buildConfigurations = (
				B44A039313CF48B400C64D7C /* Debug */,
				B44A039413CF48B400C64D7C /* Release */,
			);
			defaultConfigurationIsVisible = 0;
			defaultConfigurationName = Release;
		};
		B4FDBC9E13CF487E0094ECE7 /* Build configuration list for PBXProject "LROAuth2Client" */ = {
			isa = XCConfigurationList;
			buildConfigurations = (
				B4FDBCA013CF487E0094ECE7 /* Debug */,
				B4FDBCA113CF487E0094ECE7 /* Release */,
			);
			defaultConfigurationIsVisible = 0;
			defaultConfigurationName = Release;
		};
/* End XCConfigurationList section */
	};
	rootObject = B4FDBC9B13CF487E0094ECE7 /* Project object */;
}
